
Microsoft Visual Studio Solution File, Format Version 12.00
# Visual Studio Version 17
VisualStudioVersion = 17.4.33213.308
MinimumVisualStudioVersion = 10.0.40219.1
Project("{FAE04EC0-301F-11D3-BF4B-00C04F79EFBC}") = "CipherBuddy", "CipherBuddy\CipherBuddy.csproj", "{4A464291-56D7-452E-9D96-28DDE06B793C}"
EndProject
Project("{FAE04EC0-301F-11D3-BF4B-00C04F79EFBC}") = "CipherBuddy.Engine", "CipherBuddy.Engine\CipherBuddy.Engine.csproj", "{6CEEC73A-2BCA-4F2A-8BFE-A8723141266E}"
EndProject
Global
	GlobalSection(SolutionConfigurationPlatforms) = preSolution
		Debug|Any CPU = Debug|Any CPU
		Release|Any CPU = Release|Any CPU
	EndGlobalSection
	GlobalSection(ProjectConfigurationPlatforms) = postSolution
		{4A464291-56D7-452E-9D96-28DDE06B793C}.Debug|Any CPU.ActiveCfg = Debug|Any CPU
		{4A464291-56D7-452E-9D96-28DDE06B793C}.Debug|Any CPU.Build.0 = Debug|Any CPU
		{4A464291-56D7-452E-9D96-28DDE06B793C}.Release|Any CPU.ActiveCfg = Release|Any CPU
		{4A464291-56D7-452E-9D96-28DDE06B793C}.Release|Any CPU.Build.0 = Release|Any CPU
		{6CEEC73A-2BCA-4F2A-8BFE-A8723141266E}.Debug|Any CPU.ActiveCfg = Debug|Any CPU
		{6CEEC73A-2BCA-4F2A-8BFE-A8723141266E}.Debug|Any CPU.Build.0 = Debug|Any CPU
		{6CEEC73A-2BCA-4F2A-8BFE-A8723141266E}.Release|Any CPU.ActiveCfg = Release|Any CPU
		{6CEEC73A-2BCA-4F2A-8BFE-A8723141266E}.Release|Any CPU.Build.0 = Release|Any CPU
	EndGlobalSection
	GlobalSection(SolutionProperties) = preSolution
		HideSolutionNode = FALSE
	EndGlobalSection
	GlobalSection(ExtensibilityGlobals) = postSolution
		SolutionGuid = {A8B540E6-4E06-4D3E-AD71-9B281F00E763}
	EndGlobalSection
EndGlobal
